
Microsoft Visual Studio Solution File, Format Version 12.00
# Visual Studio Version 16
VisualStudioVersion = 16.0.30413.136
MinimumVisualStudioVersion = 10.0.40219.1
Project("{FAE04EC0-301F-11D3-BF4B-00C04F79EFBC}") = "PotentialDuplicateIndicator", "PotentialDuplicateIndicator\PotentialDuplicateIndicator.csproj", "{F4EEED08-7A69-49D0-9B2C-C4A743577730}"
EndProject
Project("{FAE04EC0-301F-11D3-BF4B-00C04F79EFBC}") = "IndicatorTest", "IndicatorTest\IndicatorTest.csproj", "{A4168410-07D6-4366-8C08-63EFF6946DA4}"
EndProject
Global
	GlobalSection(SolutionConfigurationPlatforms) = preSolution
		Debug|Any CPU = Debug|Any CPU
		Release|Any CPU = Release|Any CPU
	EndGlobalSection
	GlobalSection(ProjectConfigurationPlatforms) = postSolution
		{F4EEED08-7A69-49D0-9B2C-C4A743577730}.Debug|Any CPU.ActiveCfg = Debug|Any CPU
		{F4EEED08-7A69-49D0-9B2C-C4A743577730}.Debug|Any CPU.Build.0 = Debug|Any CPU
		{F4EEED08-7A69-49D0-9B2C-C4A743577730}.Release|Any CPU.ActiveCfg = Release|Any CPU
		{F4EEED08-7A69-49D0-9B2C-C4A743577730}.Release|Any CPU.Build.0 = Release|Any CPU
		{A4168410-07D6-4366-8C08-63EFF6946DA4}.Debug|Any CPU.ActiveCfg = Debug|Any CPU
		{A4168410-07D6-4366-8C08-63EFF6946DA4}.Debug|Any CPU.Build.0 = Debug|Any CPU
		{A4168410-07D6-4366-8C08-63EFF6946DA4}.Release|Any CPU.ActiveCfg = Release|Any CPU
		{A4168410-07D6-4366-8C08-63EFF6946DA4}.Release|Any CPU.Build.0 = Release|Any CPU
	EndGlobalSection
	GlobalSection(SolutionProperties) = preSolution
		HideSolutionNode = FALSE
	EndGlobalSection
	GlobalSection(ExtensibilityGlobals) = postSolution
		SolutionGuid = {7CE9D84A-6EA8-4E48-9C5C-CA0DB3656C19}
	EndGlobalSection
EndGlobal
